# This file is autogenerated, do not edit; changes may be undone by the next 'dep ensure'.


[[projects]]
  branch = "master"
  digest = "1:606fa779c7a80ab6a9ec5836cd12759f86cd6e1d82d5d60cf7ec5133e78c6cf8"
  name = "github.com/shurcooL/sanitized_anchor_name"
  packages = ["."]
  pruneopts = ""
  revision = "86672fcb3f950f35f2e675df2240550f2a50762f"

[[projects]]
  branch = "master"
  digest = "1:a9afbcb2b5dacde3889b77124be6abe68477a09c6da3df224cc74f5e180454e6"
  name = "golang.org/x/net"
  packages = [
    "html",
    "html/atom",
  ]
  pruneopts = ""
  revision = "d866cfc389cec985d6fda2859936a575a55a3ab6"

[[projects]]
  digest = "1:1527313af610f96f1ea591b06bb46edfe8ae17f13d74d2e40c4fed7cd618e678"
  name = "gopkg.in/russross/blackfriday.v2"
  packages = ["."]
  pruneopts = ""
  revision = "cadec560ec52d93835bf2f15bd794700d3a2473b"
  version = "v2.0.0"

[[projects]]
  branch = "v2"
  digest = "1:f769ed60e075e4221612c2f4162fccc9d3795ef358fa463425e3b3d7a5debb27"
  name = "gopkg.in/yaml.v2"
  packages = ["."]
  pruneopts = ""
  revision = "287cf08546ab5e7e37d55a84f7ed3fd1db036de5"

[solve-meta]
  analyzer-name = "dep"
  analyzer-version = 1
  input-imports = [
    "golang.org/x/net/html",
    "gopkg.in/russross/blackfriday.v2",
    "gopkg.in/yaml.v2",
  ]
  solver-name = "gps-cdcl"
  solver-version = 1
